// !$*UTF8*$!
{
	archiveVersion = 1;
	classes = {
	};
	objectVersion = 46;
	objects = {

/* Begin PBXBuildFile section */
		34465DC115B73AAB0092B67E /* Photo+Flickr.m in Sources */ = {isa = PBXBuildFile; fileRef = 34465DBC15B73AAB0092B67E /* Photo+Flickr.m */; };
		34465DC215B73AAB0092B67E /* Place+Create.m in Sources */ = {isa = PBXBuildFile; fileRef = 34465DBE15B73AAB0092B67E /* Place+Create.m */; };
		34465DC315B73AAB0092B67E /* Tag+Create.m in Sources */ = {isa = PBXBuildFile; fileRef = 34465DC015B73AAB0092B67E /* Tag+Create.m */; };
		345E192C15B1424900B3A2BC /* UIKit.framework in Frameworks */ = {isa = PBXBuildFile; fileRef = 345E192B15B1424900B3A2BC /* UIKit.framework */; };
		345E192E15B1424900B3A2BC /* Foundation.framework in Frameworks */ = {isa = PBXBuildFile; fileRef = 345E192D15B1424900B3A2BC /* Foundation.framework */; };
		345E193015B1424900B3A2BC /* CoreGraphics.framework in Frameworks */ = {isa = PBXBuildFile; fileRef = 345E192F15B1424900B3A2BC /* CoreGraphics.framework */; };
		345E193615B1424900B3A2BC /* InfoPlist.strings in Resources */ = {isa = PBXBuildFile; fileRef = 345E193415B1424900B3A2BC /* InfoPlist.strings */; };
		345E193815B1424900B3A2BC /* main.m in Sources */ = {isa = PBXBuildFile; fileRef = 345E193715B1424900B3A2BC /* main.m */; };
		345E193C15B1424900B3A2BC /* VirtualVacationAppDelegate.m in Sources */ = {isa = PBXBuildFile; fileRef = 345E193B15B1424900B3A2BC /* VirtualVacationAppDelegate.m */; };
		345E193F15B1424900B3A2BC /* MainStoryboard.storyboard in Resources */ = {isa = PBXBuildFile; fileRef = 345E193D15B1424900B3A2BC /* MainStoryboard.storyboard */; };
		345E196E15B142F200B3A2BC /* RecentPhotoTableViewController.m in Sources */ = {isa = PBXBuildFile; fileRef = 345E195C15B142F200B3A2BC /* RecentPhotoTableViewController.m */; };
		345E196F15B142F200B3A2BC /* FlickrImageCache.m in Sources */ = {isa = PBXBuildFile; fileRef = 345E195E15B142F200B3A2BC /* FlickrImageCache.m */; };
		345E197015B142F200B3A2BC /* MapViewController.m in Sources */ = {isa = PBXBuildFile; fileRef = 345E196015B142F200B3A2BC /* MapViewController.m */; };
		345E197115B142F200B3A2BC /* FlickrAnnotation.m in Sources */ = {isa = PBXBuildFile; fileRef = 345E196215B142F200B3A2BC /* FlickrAnnotation.m */; };
		345E197215B142F200B3A2BC /* PhotoScrollViewController.m in Sources */ = {isa = PBXBuildFile; fileRef = 345E196415B142F200B3A2BC /* PhotoScrollViewController.m */; };
		345E197315B142F200B3A2BC /* TopPlacesTableViewController.m in Sources */ = {isa = PBXBuildFile; fileRef = 345E196615B142F200B3A2BC /* TopPlacesTableViewController.m */; };
		345E197415B142F200B3A2BC /* PhotoTableViewController.m in Sources */ = {isa = PBXBuildFile; fileRef = 345E196815B142F200B3A2BC /* PhotoTableViewController.m */; };
		345E197515B142F200B3A2BC /* FlickrTableViewController.m in Sources */ = {isa = PBXBuildFile; fileRef = 345E196A15B142F200B3A2BC /* FlickrTableViewController.m */; };
		345E197615B142F200B3A2BC /* FlickrFetcher.m in Sources */ = {isa = PBXBuildFile; fileRef = 345E196D15B142F200B3A2BC /* FlickrFetcher.m */; };
		345E197815B1431300B3A2BC /* CoreLocation.framework in Frameworks */ = {isa = PBXBuildFile; fileRef = 345E197715B1431300B3A2BC /* CoreLocation.framework */; };
		345E197A15B1431800B3A2BC /* MapKit.framework in Frameworks */ = {isa = PBXBuildFile; fileRef = 345E197915B1431800B3A2BC /* MapKit.framework */; };
		348ED07015B5995E00FB56A5 /* CoreData.framework in Frameworks */ = {isa = PBXBuildFile; fileRef = 348ED06F15B5995E00FB56A5 /* CoreData.framework */; };
		348ED07415B599CA00FB56A5 /* VirtualVacation.xcdatamodeld in Sources */ = {isa = PBXBuildFile; fileRef = 348ED07215B599CA00FB56A5 /* VirtualVacation.xcdatamodeld */; };
		348ED07715B5AF3D00FB56A5 /* VacationHelper.m in Sources */ = {isa = PBXBuildFile; fileRef = 348ED07615B5AF3D00FB56A5 /* VacationHelper.m */; };
		34BA76E615B74750009C7E31 /* VacationPlacesTableViewController.m in Sources */ = {isa = PBXBuildFile; fileRef = 34BA76E515B74750009C7E31 /* VacationPlacesTableViewController.m */; };
		34BA76EA15B7478C009C7E31 /* CoreDataTableViewController.m in Sources */ = {isa = PBXBuildFile; fileRef = 34BA76E915B7478C009C7E31 /* CoreDataTableViewController.m */; };
		34BA76ED15B864CE009C7E31 /* Place.m in Sources */ = {isa = PBXBuildFile; fileRef = 34BA76EC15B864CE009C7E31 /* Place.m */; };
		34BA76F015B87FB7009C7E31 /* VacationPhotosTableViewController.m in Sources */ = {isa = PBXBuildFile; fileRef = 34BA76EF15B87FB7009C7E31 /* VacationPhotosTableViewController.m */; };
		34BA770815BF1FD0009C7E31 /* FlickrHelper.m in Sources */ = {isa = PBXBuildFile; fileRef = 34BA770715BF1FD0009C7E31 /* FlickrHelper.m */; };
		34BA770E15BF2563009C7E31 /* Photo.m in Sources */ = {isa = PBXBuildFile; fileRef = 34BA770D15BF2563009C7E31 /* Photo.m */; };
		34BA771115C050BD009C7E31 /* VacationTagsTableViewController.m in Sources */ = {isa = PBXBuildFile; fileRef = 34BA771015C050BC009C7E31 /* VacationTagsTableViewController.m */; };
		34BA771B15C05D66009C7E31 /* Tag.m in Sources */ = {isa = PBXBuildFile; fileRef = 34BA771A15C05D66009C7E31 /* Tag.m */; };
		34BA771E15C064AD009C7E31 /* VacationSearchTableViewController.m in Sources */ = {isa = PBXBuildFile; fileRef = 34BA771D15C064AC009C7E31 /* VacationSearchTableViewController.m */; };
		34BA772115C1BEFB009C7E31 /* VacationNameTableViewController.m in Sources */ = {isa = PBXBuildFile; fileRef = 34BA772015C1BEFA009C7E31 /* VacationNameTableViewController.m */; };
/* End PBXBuildFile section */

/* Begin PBXFileReference section */
		34465DBB15B73AAB0092B67E /* Photo+Flickr.h */ = {isa = PBXFileReference; fileEncoding = 4; lastKnownFileType = sourcecode.c.h; path = "Photo+Flickr.h"; sourceTree = "<group>"; };
		34465DBC15B73AAB0092B67E /* Photo+Flickr.m */ = {isa = PBXFileReference; fileEncoding = 4; lastKnownFileType = sourcecode.c.objc; path = "Photo+Flickr.m"; sourceTree = "<group>"; };
		34465DBD15B73AAB0092B67E /* Place+Create.h */ = {isa = PBXFileReference; fileEncoding = 4; lastKnownFileType = sourcecode.c.h; path = "Place+Create.h"; sourceTree = "<group>"; };
		34465DBE15B73AAB0092B67E /* Place+Create.m */ = {isa = PBXFileReference; fileEncoding = 4; lastKnownFileType = sourcecode.c.objc; path = "Place+Create.m"; sourceTree = "<group>"; };
		34465DBF15B73AAB0092B67E /* Tag+Create.h */ = {isa = PBXFileReference; fileEncoding = 4; lastKnownFileType = sourcecode.c.h; path = "Tag+Create.h"; sourceTree = "<group>"; };
		34465DC015B73AAB0092B67E /* Tag+Create.m */ = {isa = PBXFileReference; fileEncoding = 4; lastKnownFileType = sourcecode.c.objc; path = "Tag+Create.m"; sourceTree = "<group>"; };
		345E192715B1424900B3A2BC /* VirtualVacation.app */ = {isa = PBXFileReference; explicitFileType = wrapper.application; includeInIndex = 0; path = VirtualVacation.app; sourceTree = BUILT_PRODUCTS_DIR; };
		345E192B15B1424900B3A2BC /* UIKit.framework */ = {isa = PBXFileReference; lastKnownFileType = wrapper.framework; name = UIKit.framework; path = System/Library/Frameworks/UIKit.framework; sourceTree = SDKROOT; };
		345E192D15B1424900B3A2BC /* Foundation.framework */ = {isa = PBXFileReference; lastKnownFileType = wrapper.framework; name = Foundation.framework; path = System/Library/Frameworks/Foundation.framework; sourceTree = SDKROOT; };
		345E192F15B1424900B3A2BC /* CoreGraphics.framework */ = {isa = PBXFileReference; lastKnownFileType = wrapper.framework; name = CoreGraphics.framework; path = System/Library/Frameworks/CoreGraphics.framework; sourceTree = SDKROOT; };
		345E193315B1424900B3A2BC /* VirtualVacation-Info.plist */ = {isa = PBXFileReference; lastKnownFileType = text.plist.xml; path = "VirtualVacation-Info.plist"; sourceTree = "<group>"; };
		345E193515B1424900B3A2BC /* en */ = {isa = PBXFileReference; lastKnownFileType = text.plist.strings; name = en; path = en.lproj/InfoPlist.strings; sourceTree = "<group>"; };
		345E193715B1424900B3A2BC /* main.m */ = {isa = PBXFileReference; lastKnownFileType = sourcecode.c.objc; path = main.m; sourceTree = "<group>"; };
		345E193915B1424900B3A2BC /* VirtualVacation-Prefix.pch */ = {isa = PBXFileReference; lastKnownFileType = sourcecode.c.h; path = "VirtualVacation-Prefix.pch"; sourceTree = "<group>"; };
		345E193A15B1424900B3A2BC /* VirtualVacationAppDelegate.h */ = {isa = PBXFileReference; lastKnownFileType = sourcecode.c.h; path = VirtualVacationAppDelegate.h; sourceTree = "<group>"; };
		345E193B15B1424900B3A2BC /* VirtualVacationAppDelegate.m */ = {isa = PBXFileReference; lastKnownFileType = sourcecode.c.objc; path = VirtualVacationAppDelegate.m; sourceTree = "<group>"; };
		345E193E15B1424900B3A2BC /* en */ = {isa = PBXFileReference; lastKnownFileType = file.storyboard; name = en; path = en.lproj/MainStoryboard.storyboard; sourceTree = "<group>"; };
		345E195B15B142F200B3A2BC /* RecentPhotoTableViewController.h */ = {isa = PBXFileReference; fileEncoding = 4; lastKnownFileType = sourcecode.c.h; path = RecentPhotoTableViewController.h; sourceTree = "<group>"; };
		345E195C15B142F200B3A2BC /* RecentPhotoTableViewController.m */ = {isa = PBXFileReference; fileEncoding = 4; lastKnownFileType = sourcecode.c.objc; path = RecentPhotoTableViewController.m; sourceTree = "<group>"; };
		345E195D15B142F200B3A2BC /* FlickrImageCache.h */ = {isa = PBXFileReference; fileEncoding = 4; lastKnownFileType = sourcecode.c.h; path = FlickrImageCache.h; sourceTree = "<group>"; };
		345E195E15B142F200B3A2BC /* FlickrImageCache.m */ = {isa = PBXFileReference; fileEncoding = 4; lastKnownFileType = sourcecode.c.objc; path = FlickrImageCache.m; sourceTree = "<group>"; };
		345E195F15B142F200B3A2BC /* MapViewController.h */ = {isa = PBXFileReference; fileEncoding = 4; lastKnownFileType = sourcecode.c.h; path = MapViewController.h; sourceTree = "<group>"; };
		345E196015B142F200B3A2BC /* MapViewController.m */ = {isa = PBXFileReference; fileEncoding = 4; lastKnownFileType = sourcecode.c.objc; path = MapViewController.m; sourceTree = "<group>"; };
		345E196115B142F200B3A2BC /* FlickrAnnotation.h */ = {isa = PBXFileReference; fileEncoding = 4; lastKnownFileType = sourcecode.c.h; path = FlickrAnnotation.h; sourceTree = "<group>"; };
		345E196215B142F200B3A2BC /* FlickrAnnotation.m */ = {isa = PBXFileReference; fileEncoding = 4; lastKnownFileType = sourcecode.c.objc; path = FlickrAnnotation.m; sourceTree = "<group>"; };
		345E196315B142F200B3A2BC /* PhotoScrollViewController.h */ = {isa = PBXFileReference; fileEncoding = 4; lastKnownFileType = sourcecode.c.h; path = PhotoScrollViewController.h; sourceTree = "<group>"; };
		345E196415B142F200B3A2BC /* PhotoScrollViewController.m */ = {isa = PBXFileReference; fileEncoding = 4; lastKnownFileType = sourcecode.c.objc; path = PhotoScrollViewController.m; sourceTree = "<group>"; };
		345E196515B142F200B3A2BC /* TopPlacesTableViewController.h */ = {isa = PBXFileReference; fileEncoding = 4; lastKnownFileType = sourcecode.c.h; path = TopPlacesTableViewController.h; sourceTree = "<group>"; };
		345E196615B142F200B3A2BC /* TopPlacesTableViewController.m */ = {isa = PBXFileReference; fileEncoding = 4; lastKnownFileType = sourcecode.c.objc; path = TopPlacesTableViewController.m; sourceTree = "<group>"; };
		345E196715B142F200B3A2BC /* PhotoTableViewController.h */ = {isa = PBXFileReference; fileEncoding = 4; lastKnownFileType = sourcecode.c.h; path = PhotoTableViewController.h; sourceTree = "<group>"; };
		345E196815B142F200B3A2BC /* PhotoTableViewController.m */ = {isa = PBXFileReference; fileEncoding = 4; lastKnownFileType = sourcecode.c.objc; path = PhotoTableViewController.m; sourceTree = "<group>"; };
		345E196915B142F200B3A2BC /* FlickrTableViewController.h */ = {isa = PBXFileReference; fileEncoding = 4; lastKnownFileType = sourcecode.c.h; path = FlickrTableViewController.h; sourceTree = "<group>"; };
		345E196A15B142F200B3A2BC /* FlickrTableViewController.m */ = {isa = PBXFileReference; fileEncoding = 4; lastKnownFileType = sourcecode.c.objc; path = FlickrTableViewController.m; sourceTree = "<group>"; };
		345E196B15B142F200B3A2BC /* FlickrAPIKey.h */ = {isa = PBXFileReference; fileEncoding = 4; lastKnownFileType = sourcecode.c.h; path = FlickrAPIKey.h; sourceTree = "<group>"; };
		345E196C15B142F200B3A2BC /* FlickrFetcher.h */ = {isa = PBXFileReference; fileEncoding = 4; lastKnownFileType = sourcecode.c.h; path = FlickrFetcher.h; sourceTree = "<group>"; };
		345E196D15B142F200B3A2BC /* FlickrFetcher.m */ = {isa = PBXFileReference; fileEncoding = 4; lastKnownFileType = sourcecode.c.objc; path = FlickrFetcher.m; sourceTree = "<group>"; };
		345E197715B1431300B3A2BC /* CoreLocation.framework */ = {isa = PBXFileReference; lastKnownFileType = wrapper.framework; name = CoreLocation.framework; path = System/Library/Frameworks/CoreLocation.framework; sourceTree = SDKROOT; };
		345E197915B1431800B3A2BC /* MapKit.framework */ = {isa = PBXFileReference; lastKnownFileType = wrapper.framework; name = MapKit.framework; path = System/Library/Frameworks/MapKit.framework; sourceTree = SDKROOT; };
		348ED06F15B5995E00FB56A5 /* CoreData.framework */ = {isa = PBXFileReference; lastKnownFileType = wrapper.framework; name = CoreData.framework; path = System/Library/Frameworks/CoreData.framework; sourceTree = SDKROOT; };
		348ED07315B599CA00FB56A5 /* VirtualVacation.xcdatamodel */ = {isa = PBXFileReference; lastKnownFileType = wrapper.xcdatamodel; path = VirtualVacation.xcdatamodel; sourceTree = "<group>"; };
		348ED07515B5AF3D00FB56A5 /* VacationHelper.h */ = {isa = PBXFileReference; fileEncoding = 4; lastKnownFileType = sourcecode.c.h; path = VacationHelper.h; sourceTree = "<group>"; };
		348ED07615B5AF3D00FB56A5 /* VacationHelper.m */ = {isa = PBXFileReference; fileEncoding = 4; lastKnownFileType = sourcecode.c.objc; path = VacationHelper.m; sourceTree = "<group>"; };
		34BA76E415B74750009C7E31 /* VacationPlacesTableViewController.h */ = {isa = PBXFileReference; fileEncoding = 4; lastKnownFileType = sourcecode.c.h; path = VacationPlacesTableViewController.h; sourceTree = "<group>"; };
		34BA76E515B74750009C7E31 /* VacationPlacesTableViewController.m */ = {isa = PBXFileReference; fileEncoding = 4; lastKnownFileType = sourcecode.c.objc; path = VacationPlacesTableViewController.m; sourceTree = "<group>"; };
		34BA76E815B7478C009C7E31 /* CoreDataTableViewController.h */ = {isa = PBXFileReference; fileEncoding = 4; lastKnownFileType = sourcecode.c.h; path = CoreDataTableViewController.h; sourceTree = "<group>"; };
		34BA76E915B7478C009C7E31 /* CoreDataTableViewController.m */ = {isa = PBXFileReference; fileEncoding = 4; lastKnownFileType = sourcecode.c.objc; path = CoreDataTableViewController.m; sourceTree = "<group>"; };
		34BA76EB15B864CE009C7E31 /* Place.h */ = {isa = PBXFileReference; fileEncoding = 4; lastKnownFileType = sourcecode.c.h; path = Place.h; sourceTree = "<group>"; };
		34BA76EC15B864CE009C7E31 /* Place.m */ = {isa = PBXFileReference; fileEncoding = 4; lastKnownFileType = sourcecode.c.objc; path = Place.m; sourceTree = "<group>"; };
		34BA76EE15B87FB7009C7E31 /* VacationPhotosTableViewController.h */ = {isa = PBXFileReference; fileEncoding = 4; lastKnownFileType = sourcecode.c.h; path = VacationPhotosTableViewController.h; sourceTree = "<group>"; };
		34BA76EF15B87FB7009C7E31 /* VacationPhotosTableViewController.m */ = {isa = PBXFileReference; fileEncoding = 4; lastKnownFileType = sourcecode.c.objc; path = VacationPhotosTableViewController.m; sourceTree = "<group>"; };
		34BA770615BF1FD0009C7E31 /* FlickrHelper.h */ = {isa = PBXFileReference; fileEncoding = 4; lastKnownFileType = sourcecode.c.h; path = FlickrHelper.h; sourceTree = "<group>"; };
		34BA770715BF1FD0009C7E31 /* FlickrHelper.m */ = {isa = PBXFileReference; fileEncoding = 4; lastKnownFileType = sourcecode.c.objc; path = FlickrHelper.m; sourceTree = "<group>"; };
		34BA770C15BF2563009C7E31 /* Photo.h */ = {isa = PBXFileReference; fileEncoding = 4; lastKnownFileType = sourcecode.c.h; path = Photo.h; sourceTree = "<group>"; };
		34BA770D15BF2563009C7E31 /* Photo.m */ = {isa = PBXFileReference; fileEncoding = 4; lastKnownFileType = sourcecode.c.objc; path = Photo.m; sourceTree = "<group>"; };
		34BA770F15C050BC009C7E31 /* VacationTagsTableViewController.h */ = {isa = PBXFileReference; fileEncoding = 4; lastKnownFileType = sourcecode.c.h; path = VacationTagsTableViewController.h; sourceTree = "<group>"; };
		34BA771015C050BC009C7E31 /* VacationTagsTableViewController.m */ = {isa = PBXFileReference; fileEncoding = 4; lastKnownFileType = sourcecode.c.objc; path = VacationTagsTableViewController.m; sourceTree = "<group>"; };
		34BA771915C05D66009C7E31 /* Tag.h */ = {isa = PBXFileReference; fileEncoding = 4; lastKnownFileType = sourcecode.c.h; path = Tag.h; sourceTree = "<group>"; };
		34BA771A15C05D66009C7E31 /* Tag.m */ = {isa = PBXFileReference; fileEncoding = 4; lastKnownFileType = sourcecode.c.objc; path = Tag.m; sourceTree = "<group>"; };
		34BA771C15C064AC009C7E31 /* VacationSearchTableViewController.h */ = {isa = PBXFileReference; fileEncoding = 4; lastKnownFileType = sourcecode.c.h; path = VacationSearchTableViewController.h; sourceTree = "<group>"; };
		34BA771D15C064AC009C7E31 /* VacationSearchTableViewController.m */ = {isa = PBXFileReference; fileEncoding = 4; lastKnownFileType = sourcecode.c.objc; path = VacationSearchTableViewController.m; sourceTree = "<group>"; };
		34BA771F15C1BEFA009C7E31 /* VacationNameTableViewController.h */ = {isa = PBXFileReference; fileEncoding = 4; path = VacationNameTableViewController.h; sourceTree = "<group>"; };
		34BA772015C1BEFA009C7E31 /* VacationNameTableViewController.m */ = {isa = PBXFileReference; fileEncoding = 4; lastKnownFileType = sourcecode.c.objc; path = VacationNameTableViewController.m; sourceTree = "<group>"; };
/* End PBXFileReference section */

/* Begin PBXFrameworksBuildPhase section */
		345E192415B1424900B3A2BC /* Frameworks */ = {
			isa = PBXFrameworksBuildPhase;
			buildActionMask = 2147483647;
			files = (
				348ED07015B5995E00FB56A5 /* CoreData.framework in Frameworks */,
				345E197A15B1431800B3A2BC /* MapKit.framework in Frameworks */,
				345E197815B1431300B3A2BC /* CoreLocation.framework in Frameworks */,
				345E192C15B1424900B3A2BC /* UIKit.framework in Frameworks */,
				345E192E15B1424900B3A2BC /* Foundation.framework in Frameworks */,
				345E193015B1424900B3A2BC /* CoreGraphics.framework in Frameworks */,
			);
			runOnlyForDeploymentPostprocessing = 0;
		};
/* End PBXFrameworksBuildPhase section */

/* Begin PBXGroup section */
		34465DA815B739F00092B67E /* CoreData */ = {
			isa = PBXGroup;
			children = (
				34BA771915C05D66009C7E31 /* Tag.h */,
				34BA771A15C05D66009C7E31 /* Tag.m */,
				34BA770C15BF2563009C7E31 /* Photo.h */,
				34BA770D15BF2563009C7E31 /* Photo.m */,
				34BA76EB15B864CE009C7E31 /* Place.h */,
				34BA76EC15B864CE009C7E31 /* Place.m */,
				34465DBB15B73AAB0092B67E /* Photo+Flickr.h */,
				34465DBC15B73AAB0092B67E /* Photo+Flickr.m */,
				34465DBD15B73AAB0092B67E /* Place+Create.h */,
				34465DBE15B73AAB0092B67E /* Place+Create.m */,
				34465DBF15B73AAB0092B67E /* Tag+Create.h */,
				34465DC015B73AAB0092B67E /* Tag+Create.m */,
			);
			name = CoreData;
			sourceTree = "<group>";
		};
		345E191C15B1424900B3A2BC = {
			isa = PBXGroup;
			children = (
				345E193115B1424900B3A2BC /* VirtualVacation */,
				345E192A15B1424900B3A2BC /* Frameworks */,
				345E192815B1424900B3A2BC /* Products */,
			);
			sourceTree = "<group>";
		};
		345E192815B1424900B3A2BC /* Products */ = {
			isa = PBXGroup;
			children = (
				345E192715B1424900B3A2BC /* VirtualVacation.app */,
			);
			name = Products;
			sourceTree = "<group>";
		};
		345E192A15B1424900B3A2BC /* Frameworks */ = {
			isa = PBXGroup;
			children = (
				348ED06F15B5995E00FB56A5 /* CoreData.framework */,
				345E197915B1431800B3A2BC /* MapKit.framework */,
				345E197715B1431300B3A2BC /* CoreLocation.framework */,
				345E192B15B1424900B3A2BC /* UIKit.framework */,
				345E192D15B1424900B3A2BC /* Foundation.framework */,
				345E192F15B1424900B3A2BC /* CoreGraphics.framework */,
			);
			name = Frameworks;
			sourceTree = "<group>";
		};
		345E193115B1424900B3A2BC /* VirtualVacation */ = {
			isa = PBXGroup;
			children = (
				34465DA815B739F00092B67E /* CoreData */,
				345E197C15B1436700B3A2BC /* TableView */,
				345E197D15B1438100B3A2BC /* ImageView */,
				345E197E15B1438F00B3A2BC /* MapView */,
				345E197F15B1439D00B3A2BC /* FlickrFetcher */,
				345E193A15B1424900B3A2BC /* VirtualVacationAppDelegate.h */,
				345E193B15B1424900B3A2BC /* VirtualVacationAppDelegate.m */,
				345E193D15B1424900B3A2BC /* MainStoryboard.storyboard */,
				348ED07215B599CA00FB56A5 /* VirtualVacation.xcdatamodeld */,
				348ED07515B5AF3D00FB56A5 /* VacationHelper.h */,
				348ED07615B5AF3D00FB56A5 /* VacationHelper.m */,
				345E193215B1424900B3A2BC /* Supporting Files */,
			);
			path = VirtualVacation;
			sourceTree = "<group>";
		};
		345E193215B1424900B3A2BC /* Supporting Files */ = {
			isa = PBXGroup;
			children = (
				345E193315B1424900B3A2BC /* VirtualVacation-Info.plist */,
				345E193415B1424900B3A2BC /* InfoPlist.strings */,
				345E193715B1424900B3A2BC /* main.m */,
				345E193915B1424900B3A2BC /* VirtualVacation-Prefix.pch */,
			);
			name = "Supporting Files";
			sourceTree = "<group>";
		};
		345E197C15B1436700B3A2BC /* TableView */ = {
			isa = PBXGroup;
			children = (
				34BA76E815B7478C009C7E31 /* CoreDataTableViewController.h */,
				34BA76E915B7478C009C7E31 /* CoreDataTableViewController.m */,
				345E195B15B142F200B3A2BC /* RecentPhotoTableViewController.h */,
				345E195C15B142F200B3A2BC /* RecentPhotoTableViewController.m */,
				345E196515B142F200B3A2BC /* TopPlacesTableViewController.h */,
				345E196615B142F200B3A2BC /* TopPlacesTableViewController.m */,
				345E196715B142F200B3A2BC /* PhotoTableViewController.h */,
				345E196815B142F200B3A2BC /* PhotoTableViewController.m */,
				345E196915B142F200B3A2BC /* FlickrTableViewController.h */,
				345E196A15B142F200B3A2BC /* FlickrTableViewController.m */,
				34BA76E415B74750009C7E31 /* VacationPlacesTableViewController.h */,
				34BA76E515B74750009C7E31 /* VacationPlacesTableViewController.m */,
				34BA76EE15B87FB7009C7E31 /* VacationPhotosTableViewController.h */,
				34BA76EF15B87FB7009C7E31 /* VacationPhotosTableViewController.m */,
				34BA770F15C050BC009C7E31 /* VacationTagsTableViewController.h */,
				34BA771015C050BC009C7E31 /* VacationTagsTableViewController.m */,
				34BA771C15C064AC009C7E31 /* VacationSearchTableViewController.h */,
				34BA771D15C064AC009C7E31 /* VacationSearchTableViewController.m */,
				34BA771F15C1BEFA009C7E31 /* VacationNameTableViewController.h */,
				34BA772015C1BEFA009C7E31 /* VacationNameTableViewController.m */,
			);
			name = TableView;
			sourceTree = "<group>";
		};
		345E197D15B1438100B3A2BC /* ImageView */ = {
			isa = PBXGroup;
			children = (
				345E195D15B142F200B3A2BC /* FlickrImageCache.h */,
				345E195E15B142F200B3A2BC /* FlickrImageCache.m */,
				345E196315B142F200B3A2BC /* PhotoScrollViewController.h */,
				345E196415B142F200B3A2BC /* PhotoScrollViewController.m */,
			);
			name = ImageView;
			sourceTree = "<group>";
		};
		345E197E15B1438F00B3A2BC /* MapView */ = {
			isa = PBXGroup;
			children = (
				345E195F15B142F200B3A2BC /* MapViewController.h */,
				345E196015B142F200B3A2BC /* MapViewController.m */,
				345E196115B142F200B3A2BC /* FlickrAnnotation.h */,
				345E196215B142F200B3A2BC /* FlickrAnnotation.m */,
			);
			name = MapView;
			sourceTree = "<group>";
		};
		345E197F15B1439D00B3A2BC /* FlickrFetcher */ = {
			isa = PBXGroup;
			children = (
				345E196B15B142F200B3A2BC /* FlickrAPIKey.h */,
				345E196C15B142F200B3A2BC /* FlickrFetcher.h */,
				345E196D15B142F200B3A2BC /* FlickrFetcher.m */,
				34BA770615BF1FD0009C7E31 /* FlickrHelper.h */,
				34BA770715BF1FD0009C7E31 /* FlickrHelper.m */,
			);
			name = FlickrFetcher;
			sourceTree = "<group>";
		};
/* End PBXGroup section */

/* Begin PBXNativeTarget section */
		345E192615B1424900B3A2BC /* VirtualVacation */ = {
			isa = PBXNativeTarget;
			buildConfigurationList = 345E194515B1424900B3A2BC /* Build configuration list for PBXNativeTarget "VirtualVacation" */;
			buildPhases = (
				345E192315B1424900B3A2BC /* Sources */,
				345E192415B1424900B3A2BC /* Frameworks */,
				345E192515B1424900B3A2BC /* Resources */,
			);
			buildRules = (
			);
			dependencies = (
			);
			name = VirtualVacation;
			productName = VirtualVacation;
			productReference = 345E192715B1424900B3A2BC /* VirtualVacation.app */;
			productType = "com.apple.product-type.application";
		};
/* End PBXNativeTarget section */

/* Begin PBXProject section */
		345E191E15B1424900B3A2BC /* Project object */ = {
			isa = PBXProject;
			attributes = {
				CLASSPREFIX = VirtualVacation;
				LastUpgradeCheck = 0430;
			};
			buildConfigurationList = 345E192115B1424900B3A2BC /* Build configuration list for PBXProject "VirtualVacation" */;
			compatibilityVersion = "Xcode 3.2";
			developmentRegion = English;
			hasScannedForEncodings = 0;
			knownRegions = (
				en,
			);
			mainGroup = 345E191C15B1424900B3A2BC;
			productRefGroup = 345E192815B1424900B3A2BC /* Products */;
			projectDirPath = "";
			projectRoot = "";
			targets = (
				345E192615B1424900B3A2BC /* VirtualVacation */,
			);
		};
/* End PBXProject section */

/* Begin PBXResourcesBuildPhase section */
		345E192515B1424900B3A2BC /* Resources */ = {
			isa = PBXResourcesBuildPhase;
			buildActionMask = 2147483647;
			files = (
				345E193615B1424900B3A2BC /* InfoPlist.strings in Resources */,
				345E193F15B1424900B3A2BC /* MainStoryboard.storyboard in Resources */,
			);
			runOnlyForDeploymentPostprocessing = 0;
		};
/* End PBXResourcesBuildPhase section */

/* Begin PBXSourcesBuildPhase section */
		345E192315B1424900B3A2BC /* Sources */ = {
			isa = PBXSourcesBuildPhase;
			buildActionMask = 2147483647;
			files = (
				345E193815B1424900B3A2BC /* main.m in Sources */,
				345E193C15B1424900B3A2BC /* VirtualVacationAppDelegate.m in Sources */,
				345E196E15B142F200B3A2BC /* RecentPhotoTableViewController.m in Sources */,
				345E196F15B142F200B3A2BC /* FlickrImageCache.m in Sources */,
				345E197015B142F200B3A2BC /* MapViewController.m in Sources */,
				345E197115B142F200B3A2BC /* FlickrAnnotation.m in Sources */,
				345E197215B142F200B3A2BC /* PhotoScrollViewController.m in Sources */,
				345E197315B142F200B3A2BC /* TopPlacesTableViewController.m in Sources */,
				345E197415B142F200B3A2BC /* PhotoTableViewController.m in Sources */,
				345E197515B142F200B3A2BC /* FlickrTableViewController.m in Sources */,
				345E197615B142F200B3A2BC /* FlickrFetcher.m in Sources */,
				348ED07415B599CA00FB56A5 /* VirtualVacation.xcdatamodeld in Sources */,
				348ED07715B5AF3D00FB56A5 /* VacationHelper.m in Sources */,
				34465DC115B73AAB0092B67E /* Photo+Flickr.m in Sources */,
				34465DC215B73AAB0092B67E /* Place+Create.m in Sources */,
				34465DC315B73AAB0092B67E /* Tag+Create.m in Sources */,
				34BA76E615B74750009C7E31 /* VacationPlacesTableViewController.m in Sources */,
				34BA76EA15B7478C009C7E31 /* CoreDataTableViewController.m in Sources */,
				34BA76ED15B864CE009C7E31 /* Place.m in Sources */,
				34BA76F015B87FB7009C7E31 /* VacationPhotosTableViewController.m in Sources */,
				34BA770815BF1FD0009C7E31 /* FlickrHelper.m in Sources */,
				34BA770E15BF2563009C7E31 /* Photo.m in Sources */,
				34BA771115C050BD009C7E31 /* VacationTagsTableViewController.m in Sources */,
				34BA771B15C05D66009C7E31 /* Tag.m in Sources */,
				34BA771E15C064AD009C7E31 /* VacationSearchTableViewController.m in Sources */,
				34BA772115C1BEFB009C7E31 /* VacationNameTableViewController.m in Sources */,
			);
			runOnlyForDeploymentPostprocessing = 0;
		};
/* End PBXSourcesBuildPhase section */

/* Begin PBXVariantGroup section */
		345E193415B1424900B3A2BC /* InfoPlist.strings */ = {
			isa = PBXVariantGroup;
			children = (
				345E193515B1424900B3A2BC /* en */,
			);
			name = InfoPlist.strings;
			sourceTree = "<group>";
		};
		345E193D15B1424900B3A2BC /* MainStoryboard.storyboard */ = {
			isa = PBXVariantGroup;
			children = (
				345E193E15B1424900B3A2BC /* en */,
			);
			name = MainStoryboard.storyboard;
			sourceTree = "<group>";
		};
/* End PBXVariantGroup section */

/* Begin XCBuildConfiguration section */
		345E194315B1424900B3A2BC /* Debug */ = {
			isa = XCBuildConfiguration;
			buildSettings = {
				ALWAYS_SEARCH_USER_PATHS = NO;
				ARCHS = "$(ARCHS_STANDARD_32_BIT)";
				CLANG_ENABLE_OBJC_ARC = YES;
				"CODE_SIGN_IDENTITY[sdk=iphoneos*]" = "iPhone Developer";
				COPY_PHASE_STRIP = NO;
				GCC_C_LANGUAGE_STANDARD = gnu99;
				GCC_DYNAMIC_NO_PIC = NO;
				GCC_OPTIMIZATION_LEVEL = 0;
				GCC_PREPROCESSOR_DEFINITIONS = (
					"DEBUG=1",
					"$(inherited)",
				);
				GCC_SYMBOLS_PRIVATE_EXTERN = NO;
				GCC_VERSION = com.apple.compilers.llvm.clang.1_0;
				GCC_WARN_ABOUT_RETURN_TYPE = YES;
				GCC_WARN_UNINITIALIZED_AUTOS = YES;
				GCC_WARN_UNUSED_VARIABLE = YES;
				IPHONEOS_DEPLOYMENT_TARGET = 5.1;
				SDKROOT = iphoneos;
			};
			name = Debug;
		};
		345E194415B1424900B3A2BC /* Release */ = {
			isa = XCBuildConfiguration;
			buildSettings = {
				ALWAYS_SEARCH_USER_PATHS = NO;
				ARCHS = "$(ARCHS_STANDARD_32_BIT)";
				CLANG_ENABLE_OBJC_ARC = YES;
				"CODE_SIGN_IDENTITY[sdk=iphoneos*]" = "iPhone Developer";
				COPY_PHASE_STRIP = YES;
				GCC_C_LANGUAGE_STANDARD = gnu99;
				GCC_VERSION = com.apple.compilers.llvm.clang.1_0;
				GCC_WARN_ABOUT_RETURN_TYPE = YES;
				GCC_WARN_UNINITIALIZED_AUTOS = YES;
				GCC_WARN_UNUSED_VARIABLE = YES;
				IPHONEOS_DEPLOYMENT_TARGET = 5.1;
				OTHER_CFLAGS = "-DNS_BLOCK_ASSERTIONS=1";
				SDKROOT = iphoneos;
				VALIDATE_PRODUCT = YES;
			};
			name = Release;
		};
		345E194615B1424900B3A2BC /* Debug */ = {
			isa = XCBuildConfiguration;
			buildSettings = {
				GCC_PRECOMPILE_PREFIX_HEADER = YES;
				GCC_PREFIX_HEADER = "VirtualVacation/VirtualVacation-Prefix.pch";
				INFOPLIST_FILE = "VirtualVacation/VirtualVacation-Info.plist";
				PRODUCT_NAME = "$(TARGET_NAME)";
				WRAPPER_EXTENSION = app;
			};
			name = Debug;
		};
		345E194715B1424900B3A2BC /* Release */ = {
			isa = XCBuildConfiguration;
			buildSettings = {
				GCC_PRECOMPILE_PREFIX_HEADER = YES;
				GCC_PREFIX_HEADER = "VirtualVacation/VirtualVacation-Prefix.pch";
				INFOPLIST_FILE = "VirtualVacation/VirtualVacation-Info.plist";
				PRODUCT_NAME = "$(TARGET_NAME)";
				WRAPPER_EXTENSION = app;
			};
			name = Release;
		};
/* End XCBuildConfiguration section */

/* Begin XCConfigurationList section */
		345E192115B1424900B3A2BC /* Build configuration list for PBXProject "VirtualVacation" */ = {
			isa = XCConfigurationList;
			buildConfigurations = (
				345E194315B1424900B3A2BC /* Debug */,
				345E194415B1424900B3A2BC /* Release */,
			);
			defaultConfigurationIsVisible = 0;
			defaultConfigurationName = Release;
		};
		345E194515B1424900B3A2BC /* Build configuration list for PBXNativeTarget "VirtualVacation" */ = {
			isa = XCConfigurationList;
			buildConfigurations = (
				345E194615B1424900B3A2BC /* Debug */,
				345E194715B1424900B3A2BC /* Release */,
			);
			defaultConfigurationIsVisible = 0;
			defaultConfigurationName = Release;
		};
/* End XCConfigurationList section */

/* Begin XCVersionGroup section */
		348ED07215B599CA00FB56A5 /* VirtualVacation.xcdatamodeld */ = {
			isa = XCVersionGroup;
			children = (
				348ED07315B599CA00FB56A5 /* VirtualVacation.xcdatamodel */,
			);
			currentVersion = 348ED07315B599CA00FB56A5 /* VirtualVacation.xcdatamodel */;
			path = VirtualVacation.xcdatamodeld;
			sourceTree = "<group>";
			versionGroupType = wrapper.xcdatamodel;
		};
/* End XCVersionGroup section */
	};
	rootObject = 345E191E15B1424900B3A2BC /* Project object */;
}
